{
  "name": "com.dooya.rf433",
  "version": "1.0.0",
  "lockfileVersion": 2,
  "requires": true,
  "packages": {
    "": {
      "name": "com.dooya.rf433",
      "version": "1.0.0",
      "dependencies": {
        "homey-rfdriver": "^3.3.1"
      },
      "devDependencies": {
        "@tsconfig/node16": "^16.1.1",
        "@types/homey": "npm:homey-apps-sdk-v3-types@^0.3.5",
        "@types/node": "^20.6.0"
      }
    },
    "node_modules/@tsconfig/node16": {
      "version": "16.1.1",
      "resolved": "https://registry.npmjs.org/@tsconfig/node16/-/node16-16.1.1.tgz",
      "integrity": "sha512-+pio93ejHN4nINX4pXqfnR/fPLRtJBaT4ORaa5RH0Oc1zoYmo2B2koG+M328CQhHKn1Wj6FcOxCDFXAot9NhvA==",
      "dev": true
    },
    "node_modules/@types/homey": {
      "name": "homey-apps-sdk-v3-types",
      "version": "0.3.5",
      "resolved": "https://registry.npmjs.org/homey-apps-sdk-v3-types/-/homey-apps-sdk-v3-types-0.3.5.tgz",
      "integrity": "sha512-AH7UPiPILITBmjDSAnupLp2kaBO9GuAj5y0hk9tLC2mO0AuOQuRYnbXIxrHOG3kium8m99FnS3BUHg0aY/SNCg==",
      "dev": true,
      "dependencies": {
        "@types/node": "^14.14.20"
      }
    },
    "node_modules/@types/homey/node_modules/@types/node": {
      "version": "14.18.59",
      "resolved": "https://registry.npmjs.org/@types/node/-/node-14.18.59.tgz",
      "integrity": "sha512-NWJMpBL2Xs3MY93yrD6YrrTKep8eIA6iMnfG4oIc6LrTRlBZgiSCGiY3V/Owlp6umIBLyKb4F8Q7hxWatjYH5A==",
      "dev": true
    },
    "node_modules/@types/node": {
      "version": "20.6.0",
      "resolved": "https://registry.npmjs.org/@types/node/-/node-20.6.0.tgz",
      "integrity": "sha512-najjVq5KN2vsH2U/xyh2opaSEz6cZMR2SetLIlxlj08nOcmPOemJmUK2o4kUzfLqfrWE0PIrNeE16XhYDd3nqg==",
      "dev": true
    },
    "node_modules/homey-rfdriver": {
      "version": "3.3.1",
      "resolved": "https://registry.npmjs.org/homey-rfdriver/-/homey-rfdriver-3.3.1.tgz",
      "integrity": "sha512-UiQVBKRRg9UuwJuWN7u5+3cjwXPbw2HtTvX3g4wAWSsIIj+FKf8rnd0pWvbTHs7DP26Z1ru/Nve6r/xOzY025A=="
    }
  },
  "dependencies": {
    "@tsconfig/node16": {
      "version": "16.1.1",
      "resolved": "https://registry.npmjs.org/@tsconfig/node16/-/node16-16.1.1.tgz",
      "integrity": "sha512-+pio93ejHN4nINX4pXqfnR/fPLRtJBaT4ORaa5RH0Oc1zoYmo2B2koG+M328CQhHKn1Wj6FcOxCDFXAot9NhvA==",
      "dev": true
    },
    "@types/homey": {
      "version": "npm:homey-apps-sdk-v3-types@0.3.5",
      "resolved": "https://registry.npmjs.org/homey-apps-sdk-v3-types/-/homey-apps-sdk-v3-types-0.3.5.tgz",
      "integrity": "sha512-AH7UPiPILITBmjDSAnupLp2kaBO9GuAj5y0hk9tLC2mO0AuOQuRYnbXIxrHOG3kium8m99FnS3BUHg0aY/SNCg==",
      "dev": true,
      "requires": {
        "@types/node": "^14.14.20"
      },
      "dependencies": {
        "@types/node": {
          "version": "14.18.59",
          "resolved": "https://registry.npmjs.org/@types/node/-/node-14.18.59.tgz",
          "integrity": "sha512-NWJMpBL2Xs3MY93yrD6YrrTKep8eIA6iMnfG4oIc6LrTRlBZgiSCGiY3V/Owlp6umIBLyKb4F8Q7hxWatjYH5A==",
          "dev": true
        }
      }
    },
    "@types/node": {
      "version": "20.6.0",
      "resolved": "https://registry.npmjs.org/@types/node/-/node-20.6.0.tgz",
      "integrity": "sha512-najjVq5KN2vsH2U/xyh2opaSEz6cZMR2SetLIlxlj08nOcmPOemJmUK2o4kUzfLqfrWE0PIrNeE16XhYDd3nqg==",
      "dev": true
    },
    "homey-rfdriver": {
      "version": "3.3.1",
      "resolved": "https://registry.npmjs.org/homey-rfdriver/-/homey-rfdriver-3.3.1.tgz",
      "integrity": "sha512-UiQVBKRRg9UuwJuWN7u5+3cjwXPbw2HtTvX3g4wAWSsIIj+FKf8rnd0pWvbTHs7DP26Z1ru/Nve6r/xOzY025A=="
    }
  }
}
